Microsoft Visual Studio Solution File, Format Version 12.00
# Visual Studio 16
Project("{8BC9CEB8-8B4A-11D0-8D11-00A0C91BC942}") = "ALL_BUILD", "ALL_BUILD.vcxproj", "{213AB002-80A0-39A3-8488-D8D49DC8F23B}"
	ProjectSection(ProjectDependencies) = postProject
		{C5C0BFFD-1D30-3884-824E-57FFF74A2885} = {C5C0BFFD-1D30-3884-824E-57FFF74A2885}
		{59722BB2-E42E-366E-A98D-8AA57CCC14DA} = {59722BB2-E42E-366E-A98D-8AA57CCC14DA}
	EndProjectSection
EndProject
Project("{8BC9CEB8-8B4A-11D0-8D11-00A0C91BC942}") = "ZERO_CHECK", "ZERO_CHECK.vcxproj", "{C5C0BFFD-1D30-3884-824E-57FFF74A2885}"
	ProjectSection(ProjectDependencies) = postProject
	EndProjectSection
EndProject
Project("{8BC9CEB8-8B4A-11D0-8D11-00A0C91BC942}") = "builder", "builder.vcxproj", "{59722BB2-E42E-366E-A98D-8AA57CCC14DA}"
	ProjectSection(ProjectDependencies) = postProject
		{C5C0BFFD-1D30-3884-824E-57FFF74A2885} = {C5C0BFFD-1D30-3884-824E-57FFF74A2885}
	EndProjectSection
EndProject
Global
	GlobalSection(SolutionConfigurationPlatforms) = preSolution
		Debug|Win32 = Debug|Win32
		Release|Win32 = Release|Win32
		MinSizeRel|Win32 = MinSizeRel|Win32
		RelWithDebInfo|Win32 = RelWithDebInfo|Win32
	EndGlobalSection
	GlobalSection(ProjectConfigurationPlatforms) = postSolution
		{213AB002-80A0-39A3-8488-D8D49DC8F23B}.Debug|Win32.ActiveCfg = Debug|Win32
		{213AB002-80A0-39A3-8488-D8D49DC8F23B}.Release|Win32.ActiveCfg = Release|Win32
		{213AB002-80A0-39A3-8488-D8D49DC8F23B}.MinSizeRel|Win32.ActiveCfg = MinSizeRel|Win32
		{213AB002-80A0-39A3-8488-D8D49DC8F23B}.RelWithDebInfo|Win32.ActiveCfg = RelWithDebInfo|Win32
		{C5C0BFFD-1D30-3884-824E-57FFF74A2885}.Debug|Win32.ActiveCfg = Debug|Win32
		{C5C0BFFD-1D30-3884-824E-57FFF74A2885}.Debug|Win32.Build.0 = Debug|Win32
		{C5C0BFFD-1D30-3884-824E-57FFF74A2885}.Release|Win32.ActiveCfg = Release|Win32
		{C5C0BFFD-1D30-3884-824E-57FFF74A2885}.Release|Win32.Build.0 = Release|Win32
		{C5C0BFFD-1D30-3884-824E-57FFF74A2885}.MinSizeRel|Win32.ActiveCfg = MinSizeRel|Win32
		{C5C0BFFD-1D30-3884-824E-57FFF74A2885}.MinSizeRel|Win32.Build.0 = MinSizeRel|Win32
		{C5C0BFFD-1D30-3884-824E-57FFF74A2885}.RelWithDebInfo|Win32.ActiveCfg = RelWithDebInfo|Win32
		{C5C0BFFD-1D30-3884-824E-57FFF74A2885}.RelWithDebInfo|Win32.Build.0 = RelWithDebInfo|Win32
		{59722BB2-E42E-366E-A98D-8AA57CCC14DA}.Debug|Win32.ActiveCfg = Debug|Win32
		{59722BB2-E42E-366E-A98D-8AA57CCC14DA}.Debug|Win32.Build.0 = Debug|Win32
		{59722BB2-E42E-366E-A98D-8AA57CCC14DA}.Release|Win32.ActiveCfg = Release|Win32
		{59722BB2-E42E-366E-A98D-8AA57CCC14DA}.Release|Win32.Build.0 = Release|Win32
		{59722BB2-E42E-366E-A98D-8AA57CCC14DA}.MinSizeRel|Win32.ActiveCfg = MinSizeRel|Win32
		{59722BB2-E42E-366E-A98D-8AA57CCC14DA}.MinSizeRel|Win32.Build.0 = MinSizeRel|Win32
		{59722BB2-E42E-366E-A98D-8AA57CCC14DA}.RelWithDebInfo|Win32.ActiveCfg = RelWithDebInfo|Win32
		{59722BB2-E42E-366E-A98D-8AA57CCC14DA}.RelWithDebInfo|Win32.Build.0 = RelWithDebInfo|Win32
	EndGlobalSection
	GlobalSection(ExtensibilityGlobals) = postSolution
		SolutionGuid = {D1C3F197-CAD0-32DE-A806-9CC067894AD8}
	EndGlobalSection
	GlobalSection(ExtensibilityAddIns) = postSolution
	EndGlobalSection
EndGlobal
