Microsoft Visual Studio Solution File, Format Version 12.00
# Visual Studio 16
Project("{8BC9CEB8-8B4A-11D0-8D11-00A0C91BC942}") = "ALL_BUILD", "ALL_BUILD.vcxproj", "{5B164720-CF4B-35DA-877A-335EECA351F9}"
	ProjectSection(ProjectDependencies) = postProject
		{018C78CD-0F5F-385B-BD65-5A9A7CBDCDD0} = {018C78CD-0F5F-385B-BD65-5A9A7CBDCDD0}
	EndProjectSection
EndProject
Project("{8BC9CEB8-8B4A-11D0-8D11-00A0C91BC942}") = "ZERO_CHECK", "ZERO_CHECK.vcxproj", "{018C78CD-0F5F-385B-BD65-5A9A7CBDCDD0}"
	ProjectSection(ProjectDependencies) = postProject
	EndProjectSection
EndProject
Global
	GlobalSection(SolutionConfigurationPlatforms) = preSolution
		Debug|Win32 = Debug|Win32
		Release|Win32 = Release|Win32
		MinSizeRel|Win32 = MinSizeRel|Win32
		RelWithDebInfo|Win32 = RelWithDebInfo|Win32
	EndGlobalSection
	GlobalSection(ProjectConfigurationPlatforms) = postSolution
		{5B164720-CF4B-35DA-877A-335EECA351F9}.Debug|Win32.ActiveCfg = Debug|Win32
		{5B164720-CF4B-35DA-877A-335EECA351F9}.Release|Win32.ActiveCfg = Release|Win32
		{5B164720-CF4B-35DA-877A-335EECA351F9}.MinSizeRel|Win32.ActiveCfg = MinSizeRel|Win32
		{5B164720-CF4B-35DA-877A-335EECA351F9}.RelWithDebInfo|Win32.ActiveCfg = RelWithDebInfo|Win32
		{018C78CD-0F5F-385B-BD65-5A9A7CBDCDD0}.Debug|Win32.ActiveCfg = Debug|Win32
		{018C78CD-0F5F-385B-BD65-5A9A7CBDCDD0}.Debug|Win32.Build.0 = Debug|Win32
		{018C78CD-0F5F-385B-BD65-5A9A7CBDCDD0}.Release|Win32.ActiveCfg = Release|Win32
		{018C78CD-0F5F-385B-BD65-5A9A7CBDCDD0}.Release|Win32.Build.0 = Release|Win32
		{018C78CD-0F5F-385B-BD65-5A9A7CBDCDD0}.MinSizeRel|Win32.ActiveCfg = MinSizeRel|Win32
		{018C78CD-0F5F-385B-BD65-5A9A7CBDCDD0}.MinSizeRel|Win32.Build.0 = MinSizeRel|Win32
		{018C78CD-0F5F-385B-BD65-5A9A7CBDCDD0}.RelWithDebInfo|Win32.ActiveCfg = RelWithDebInfo|Win32
		{018C78CD-0F5F-385B-BD65-5A9A7CBDCDD0}.RelWithDebInfo|Win32.Build.0 = RelWithDebInfo|Win32
	EndGlobalSection
	GlobalSection(ExtensibilityGlobals) = postSolution
		SolutionGuid = {8DCD5B11-4F21-3CE9-AC52-6BA087C449F4}
	EndGlobalSection
	GlobalSection(ExtensibilityAddIns) = postSolution
	EndGlobalSection
EndGlobal
