<?xml version="1.0" encoding="utf-8"?>
<Project ToolsVersion="16.0" xmlns="http://schemas.microsoft.com/developer/msbuild/2003">
  <ItemGroup>
    <CustomBuild Include="C:\Users\Lucifer\Source\Repos\lab11\lab-11-process\_builds\_3rdParty\Hunter\toolchain\_builds\CMakeFiles\246bd3639881cdaa67b208b4cec3b05c\generate.stamp.rule">
      <Filter>CMake Rules</Filter>
    </CustomBuild>
  </ItemGroup>
  <ItemGroup>
    <Filter Include="CMake Rules">
      <UniqueIdentifier>{ADBE0AE5-8E4A-35C1-8D30-2B5328D91F72}</UniqueIdentifier>
    </Filter>
  </ItemGroup>
</Project>
